github.com/Masterminds/semver/v3 v3.2.1 h1:RN9w6+7QoMeJVGyfmbcgs28Br8cvmnucEXnY0rYXWg0=
github.com/Masterminds/semver/v3 v3.2.1/go.mod h1:qvl/7zhW3nngYb5+80sSMF+FG2BjYrf8m9wsX0PNOMQ=
github.com/luraproject/lura/v2 v2.7.1 h1:E5b8hco4L9eQczuZqv0ZIuCO3S/98PEDZ0kAkc4QZb0=
github.com/luraproject/lura/v2 v2.7.1/go.mod h1:D0+LPLJAuT9DcfjB4xvVMCnKmAMQikdbcXmYLdmEA6A=
golang.org/x/text v0.14.0 h1:ScX5w1eTa3QqT8oi6+ziP7dTV1S2+ALU0bI+0zXKWiQ=
golang.org/x/text v0.14.0/go.mod h1:18ZOQIKpY8NJVqYksKHtTdi31H5itFRjB5/qKTNYzSU=
