github.com/Masterminds/semver/v3 v3.2.1 h1:RN9w6+7QoMeJVGyfmbcgs28Br8cvmnucEXnY0rYXWg0=
github.com/Masterminds/semver/v3 v3.2.1/go.mod h1:qvl/7zhW3nngYb5+80sSMF+FG2BjYrf8m9wsX0PNOMQ=
github.com/luraproject/lura/v3 v3.0.0-20260729144624-4b3057d09348 h1:YRwdVhhjjdSqcPhBVXwbceXV6GUFcTWY9iFasOODEUE=
github.com/luraproject/lura/v3 v3.0.0-20260729144624-4b3057d09348/go.mod h1:rg4I/Oe8nxfEf5V5OpaZj1dLI8HLacHA55HO3x1S5k4=
golang.org/x/text v0.37.0 h1:Cqjiwd9eSg8e0QAkyCaQTNHFIIzWtidPahFWR83rTrc=
golang.org/x/text v0.37.0/go.mod h1:a5sjxXGs9hsn/AJVwuElvCAo9v8QYLzvavO5z2PiM38=
